// !$*UTF8*$!
{
	archiveVersion = 1;
	classes = {
	};
	objectVersion = 46;
	objects = {

/* Begin PBXBuildFile section */
		41810F6CE19198CD9154DE99 /* libPods.a in Frameworks */ = {isa = PBXBuildFile; fileRef = 902F058F715B1A7451ECFBBA /* libPods.a */; };
		637465771A78739600C28305 /* main.m in Sources */ = {isa = PBXBuildFile; fileRef = 637465761A78739600C28305 /* main.m */; };
		6374657A1A78739600C28305 /* AppDelegate.m in Sources */ = {isa = PBXBuildFile; fileRef = 637465791A78739600C28305 /* AppDelegate.m */; };
		6374657D1A78739600C28305 /* ViewController.m in Sources */ = {isa = PBXBuildFile; fileRef = 6374657C1A78739600C28305 /* ViewController.m */; };
		637465801A78739600C28305 /* Main.storyboard in Resources */ = {isa = PBXBuildFile; fileRef = 6374657E1A78739600C28305 /* Main.storyboard */; };
		637465821A78739600C28305 /* Images.xcassets in Resources */ = {isa = PBXBuildFile; fileRef = 637465811A78739600C28305 /* Images.xcassets */; };
		637465851A78739600C28305 /* LaunchScreen.xib in Resources */ = {isa = PBXBuildFile; fileRef = 637465831A78739600C28305 /* LaunchScreen.xib */; };
		63AD123E1A78804300A1F085 /* MyFacebookClient.m in Sources */ = {isa = PBXBuildFile; fileRef = 63AD123D1A78804300A1F085 /* MyFacebookClient.m */; };
/* End PBXBuildFile section */

/* Begin PBXFileReference section */
		637465711A78739600C28305 /* BasicExample.app */ = {isa = PBXFileReference; explicitFileType = wrapper.application; includeInIndex = 0; path = BasicExample.app; sourceTree = BUILT_PRODUCTS_DIR; };
		637465751A78739600C28305 /* Info.plist */ = {isa = PBXFileReference; lastKnownFileType = text.plist.xml; path = Info.plist; sourceTree = "<group>"; };
		637465761A78739600C28305 /* main.m */ = {isa = PBXFileReference; lastKnownFileType = sourcecode.c.objc; path = main.m; sourceTree = "<group>"; };
		637465781A78739600C28305 /* AppDelegate.h */ = {isa = PBXFileReference; lastKnownFileType = sourcecode.c.h; path = AppDelegate.h; sourceTree = "<group>"; };
		637465791A78739600C28305 /* AppDelegate.m */ = {isa = PBXFileReference; lastKnownFileType = sourcecode.c.objc; path = AppDelegate.m; sourceTree = "<group>"; };
		6374657B1A78739600C28305 /* ViewController.h */ = {isa = PBXFileReference; lastKnownFileType = sourcecode.c.h; path = ViewController.h; sourceTree = "<group>"; };
		6374657C1A78739600C28305 /* ViewController.m */ = {isa = PBXFileReference; lastKnownFileType = sourcecode.c.objc; path = ViewController.m; sourceTree = "<group>"; };
		6374657F1A78739600C28305 /* Base */ = {isa = PBXFileReference; lastKnownFileType = file.storyboard; name = Base; path = Base.lproj/Main.storyboard; sourceTree = "<group>"; };
		637465811A78739600C28305 /* Images.xcassets */ = {isa = PBXFileReference; lastKnownFileType = folder.assetcatalog; path = Images.xcassets; sourceTree = "<group>"; };
		637465841A78739600C28305 /* Base */ = {isa = PBXFileReference; lastKnownFileType = file.xib; name = Base; path = Base.lproj/LaunchScreen.xib; sourceTree = "<group>"; };
		63AD123C1A78804300A1F085 /* MyFacebookClient.h */ = {isa = PBXFileReference; fileEncoding = 4; lastKnownFileType = sourcecode.c.h; path = MyFacebookClient.h; sourceTree = "<group>"; };
		63AD123D1A78804300A1F085 /* MyFacebookClient.m */ = {isa = PBXFileReference; fileEncoding = 4; lastKnownFileType = sourcecode.c.objc; path = MyFacebookClient.m; sourceTree = "<group>"; };
		902F058F715B1A7451ECFBBA /* libPods.a */ = {isa = PBXFileReference; explicitFileType = archive.ar; includeInIndex = 0; path = libPods.a; sourceTree = BUILT_PRODUCTS_DIR; };
		92928A9B38686833D2D48F8A /* Pods.release.xcconfig */ = {isa = PBXFileReference; includeInIndex = 1; lastKnownFileType = text.xcconfig; name = Pods.release.xcconfig; path = "Pods/Target Support Files/Pods/Pods.release.xcconfig"; sourceTree = "<group>"; };
		CBAFF4F10220C38CE2A493D4 /* Pods.debug.xcconfig */ = {isa = PBXFileReference; includeInIndex = 1; lastKnownFileType = text.xcconfig; name = Pods.debug.xcconfig; path = "Pods/Target Support Files/Pods/Pods.debug.xcconfig"; sourceTree = "<group>"; };
/* End PBXFileReference section */

/* Begin PBXFrameworksBuildPhase section */
		6374656E1A78739600C28305 /* Frameworks */ = {
			isa = PBXFrameworksBuildPhase;
			buildActionMask = 2147483647;
			files = (
				41810F6CE19198CD9154DE99 /* libPods.a in Frameworks */,
			);
			runOnlyForDeploymentPostprocessing = 0;
		};
/* End PBXFrameworksBuildPhase section */

/* Begin PBXGroup section */
		637465681A78739600C28305 = {
			isa = PBXGroup;
			children = (
				637465731A78739600C28305 /* BasicExample */,
				637465721A78739600C28305 /* Products */,
				EF57F0BC8D4A09E048CBAAFF /* Pods */,
				F4349D02CC60E4BB9B5BF725 /* Frameworks */,
			);
			sourceTree = "<group>";
		};
		637465721A78739600C28305 /* Products */ = {
			isa = PBXGroup;
			children = (
				637465711A78739600C28305 /* BasicExample.app */,
			);
			name = Products;
			sourceTree = "<group>";
		};
		637465731A78739600C28305 /* BasicExample */ = {
			isa = PBXGroup;
			children = (
				637465781A78739600C28305 /* AppDelegate.h */,
				637465791A78739600C28305 /* AppDelegate.m */,
				6374657B1A78739600C28305 /* ViewController.h */,
				6374657C1A78739600C28305 /* ViewController.m */,
				63AD123C1A78804300A1F085 /* MyFacebookClient.h */,
				63AD123D1A78804300A1F085 /* MyFacebookClient.m */,
				6374657E1A78739600C28305 /* Main.storyboard */,
				637465811A78739600C28305 /* Images.xcassets */,
				637465831A78739600C28305 /* LaunchScreen.xib */,
				637465741A78739600C28305 /* Supporting Files */,
			);
			path = BasicExample;
			sourceTree = "<group>";
		};
		637465741A78739600C28305 /* Supporting Files */ = {
			isa = PBXGroup;
			children = (
				637465751A78739600C28305 /* Info.plist */,
				637465761A78739600C28305 /* main.m */,
			);
			name = "Supporting Files";
			sourceTree = "<group>";
		};
		EF57F0BC8D4A09E048CBAAFF /* Pods */ = {
			isa = PBXGroup;
			children = (
				CBAFF4F10220C38CE2A493D4 /* Pods.debug.xcconfig */,
				92928A9B38686833D2D48F8A /* Pods.release.xcconfig */,
			);
			name = Pods;
			sourceTree = "<group>";
		};
		F4349D02CC60E4BB9B5BF725 /* Frameworks */ = {
			isa = PBXGroup;
			children = (
				902F058F715B1A7451ECFBBA /* libPods.a */,
			);
			name = Frameworks;
			sourceTree = "<group>";
		};
/* End PBXGroup section */

/* Begin PBXNativeTarget section */
		637465701A78739600C28305 /* BasicExample */ = {
			isa = PBXNativeTarget;
			buildConfigurationList = 637465941A78739700C28305 /* Build configuration list for PBXNativeTarget "BasicExample" */;
			buildPhases = (
				C9CCBEFC715E39749EBCBF0B /* Check Pods Manifest.lock */,
				6374656D1A78739600C28305 /* Sources */,
				6374656E1A78739600C28305 /* Frameworks */,
				6374656F1A78739600C28305 /* Resources */,
				4E7553E0A30C134AA49D737F /* Copy Pods Resources */,
			);
			buildRules = (
			);
			dependencies = (
			);
			name = BasicExample;
			productName = BasicExample;
			productReference = 637465711A78739600C28305 /* BasicExample.app */;
			productType = "com.apple.product-type.application";
		};
/* End PBXNativeTarget section */

/* Begin PBXProject section */
		637465691A78739600C28305 /* Project object */ = {
			isa = PBXProject;
			attributes = {
				LastUpgradeCheck = 0610;
				ORGANIZATIONNAME = "";
				TargetAttributes = {
					637465701A78739600C28305 = {
						CreatedOnToolsVersion = 6.1.1;
					};
				};
			};
			buildConfigurationList = 6374656C1A78739600C28305 /* Build configuration list for PBXProject "BasicExample" */;
			compatibilityVersion = "Xcode 3.2";
			developmentRegion = English;
			hasScannedForEncodings = 0;
			knownRegions = (
				en,
				Base,
			);
			mainGroup = 637465681A78739600C28305;
			productRefGroup = 637465721A78739600C28305 /* Products */;
			projectDirPath = "";
			projectRoot = "";
			targets = (
				637465701A78739600C28305 /* BasicExample */,
			);
		};
/* End PBXProject section */

/* Begin PBXResourcesBuildPhase section */
		6374656F1A78739600C28305 /* Resources */ = {
			isa = PBXResourcesBuildPhase;
			buildActionMask = 2147483647;
			files = (
				637465801A78739600C28305 /* Main.storyboard in Resources */,
				637465851A78739600C28305 /* LaunchScreen.xib in Resources */,
				637465821A78739600C28305 /* Images.xcassets in Resources */,
			);
			runOnlyForDeploymentPostprocessing = 0;
		};
/* End PBXResourcesBuildPhase section */

/* Begin PBXShellScriptBuildPhase section */
		4E7553E0A30C134AA49D737F /* Copy Pods Resources */ = {
			isa = PBXShellScriptBuildPhase;
			buildActionMask = 2147483647;
			files = (
			);
			inputPaths = (
			);
			name = "Copy Pods Resources";
			outputPaths = (
			);
			runOnlyForDeploymentPostprocessing = 0;
			shellPath = /bin/sh;
			shellScript = "\"${SRCROOT}/Pods/Target Support Files/Pods/Pods-resources.sh\"\n";
			showEnvVarsInLog = 0;
		};
		C9CCBEFC715E39749EBCBF0B /* Check Pods Manifest.lock */ = {
			isa = PBXShellScriptBuildPhase;
			buildActionMask = 2147483647;
			files = (
			);
			inputPaths = (
			);
			name = "Check Pods Manifest.lock";
			outputPaths = (
			);
			runOnlyForDeploymentPostprocessing = 0;
			shellPath = /bin/sh;
			shellScript = "diff \"${PODS_ROOT}/../Podfile.lock\" \"${PODS_ROOT}/Manifest.lock\" > /dev/null\nif [[ $? != 0 ]] ; then\n    cat << EOM\nerror: The sandbox is not in sync with the Podfile.lock. Run 'pod install' or update your CocoaPods installation.\nEOM\n    exit 1\nfi\n";
			showEnvVarsInLog = 0;
		};
/* End PBXShellScriptBuildPhase section */

/* Begin PBXSourcesBuildPhase section */
		6374656D1A78739600C28305 /* Sources */ = {
			isa = PBXSourcesBuildPhase;
			buildActionMask = 2147483647;
			files = (
				63AD123E1A78804300A1F085 /* MyFacebookClient.m in Sources */,
				6374657D1A78739600C28305 /* ViewController.m in Sources */,
				6374657A1A78739600C28305 /* AppDelegate.m in Sources */,
				637465771A78739600C28305 /* main.m in Sources */,
			);
			runOnlyForDeploymentPostprocessing = 0;
		};
/* End PBXSourcesBuildPhase section */

/* Begin PBXVariantGroup section */
		6374657E1A78739600C28305 /* Main.storyboard */ = {
			isa = PBXVariantGroup;
			children = (
				6374657F1A78739600C28305 /* Base */,
			);
			name = Main.storyboard;
			sourceTree = "<group>";
		};
		637465831A78739600C28305 /* LaunchScreen.xib */ = {
			isa = PBXVariantGroup;
			children = (
				637465841A78739600C28305 /* Base */,
			);
			name = LaunchScreen.xib;
			sourceTree = "<group>";
		};
/* End PBXVariantGroup section */

/* Begin XCBuildConfiguration section */
		637465921A78739700C28305 /* Debug */ = {
			isa = XCBuildConfiguration;
			buildSettings = {
				ALWAYS_SEARCH_USER_PATHS = NO;
				CLANG_CXX_LANGUAGE_STANDARD = "gnu++0x";
				CLANG_CXX_LIBRARY = "libc++";
				CLANG_ENABLE_MODULES = YES;
				CLANG_ENABLE_OBJC_ARC = YES;
				CLANG_WARN_BOOL_CONVERSION = YES;
				CLANG_WARN_CONSTANT_CONVERSION = YES;
				CLANG_WARN_DIRECT_OBJC_ISA_USAGE = YES_ERROR;
				CLANG_WARN_EMPTY_BODY = YES;
				CLANG_WARN_ENUM_CONVERSION = YES;
				CLANG_WARN_INT_CONVERSION = YES;
				CLANG_WARN_OBJC_ROOT_CLASS = YES_ERROR;
				CLANG_WARN_UNREACHABLE_CODE = YES;
				CLANG_WARN__DUPLICATE_METHOD_MATCH = YES;
				"CODE_SIGN_IDENTITY[sdk=iphoneos*]" = "iPhone Developer";
				COPY_PHASE_STRIP = NO;
				ENABLE_STRICT_OBJC_MSGSEND = YES;
				GCC_C_LANGUAGE_STANDARD = gnu99;
				GCC_DYNAMIC_NO_PIC = NO;
				GCC_OPTIMIZATION_LEVEL = 0;
				GCC_PREPROCESSOR_DEFINITIONS = (
					"DEBUG=1",
					"$(inherited)",
				);
				GCC_SYMBOLS_PRIVATE_EXTERN = NO;
				GCC_WARN_64_TO_32_BIT_CONVERSION = YES;
				GCC_WARN_ABOUT_RETURN_TYPE = YES_ERROR;
				GCC_WARN_UNDECLARED_SELECTOR = YES;
				GCC_WARN_UNINITIALIZED_AUTOS = YES_AGGRESSIVE;
				GCC_WARN_UNUSED_FUNCTION = YES;
				GCC_WARN_UNUSED_VARIABLE = YES;
				IPHONEOS_DEPLOYMENT_TARGET = 8.1;
				MTL_ENABLE_DEBUG_INFO = YES;
				ONLY_ACTIVE_ARCH = YES;
				SDKROOT = iphoneos;
			};
			name = Debug;
		};
		637465931A78739700C28305 /* Release */ = {
			isa = XCBuildConfiguration;
			buildSettings = {
				ALWAYS_SEARCH_USER_PATHS = NO;
				CLANG_CXX_LANGUAGE_STANDARD = "gnu++0x";
				CLANG_CXX_LIBRARY = "libc++";
				CLANG_ENABLE_MODULES = YES;
				CLANG_ENABLE_OBJC_ARC = YES;
				CLANG_WARN_BOOL_CONVERSION = YES;
				CLANG_WARN_CONSTANT_CONVERSION = YES;
				CLANG_WARN_DIRECT_OBJC_ISA_USAGE = YES_ERROR;
				CLANG_WARN_EMPTY_BODY = YES;
				CLANG_WARN_ENUM_CONVERSION = YES;
				CLANG_WARN_INT_CONVERSION = YES;
				CLANG_WARN_OBJC_ROOT_CLASS = YES_ERROR;
				CLANG_WARN_UNREACHABLE_CODE = YES;
				CLANG_WARN__DUPLICATE_METHOD_MATCH = YES;
				"CODE_SIGN_IDENTITY[sdk=iphoneos*]" = "iPhone Developer";
				COPY_PHASE_STRIP = YES;
				ENABLE_NS_ASSERTIONS = NO;
				ENABLE_STRICT_OBJC_MSGSEND = YES;
				GCC_C_LANGUAGE_STANDARD = gnu99;
				GCC_WARN_64_TO_32_BIT_CONVERSION = YES;
				GCC_WARN_ABOUT_RETURN_TYPE = YES_ERROR;
				GCC_WARN_UNDECLARED_SELECTOR = YES;
				GCC_WARN_UNINITIALIZED_AUTOS = YES_AGGRESSIVE;
				GCC_WARN_UNUSED_FUNCTION = YES;
				GCC_WARN_UNUSED_VARIABLE = YES;
				IPHONEOS_DEPLOYMENT_TARGET = 8.1;
				MTL_ENABLE_DEBUG_INFO = NO;
				SDKROOT = iphoneos;
				VALIDATE_PRODUCT = YES;
			};
			name = Release;
		};
		637465951A78739700C28305 /* Debug */ = {
			isa = XCBuildConfiguration;
			baseConfigurationReference = CBAFF4F10220C38CE2A493D4 /* Pods.debug.xcconfig */;
			buildSettings = {
				ASSETCATALOG_COMPILER_APPICON_NAME = AppIcon;
				INFOPLIST_FILE = BasicExample/Info.plist;
				LD_RUNPATH_SEARCH_PATHS = "$(inherited) @executable_path/Frameworks";
				PRODUCT_NAME = "$(TARGET_NAME)";
			};
			name = Debug;
		};
		637465961A78739700C28305 /* Release */ = {
			isa = XCBuildConfiguration;
			baseConfigurationReference = 92928A9B38686833D2D48F8A /* Pods.release.xcconfig */;
			buildSettings = {
				ASSETCATALOG_COMPILER_APPICON_NAME = AppIcon;
				INFOPLIST_FILE = BasicExample/Info.plist;
				LD_RUNPATH_SEARCH_PATHS = "$(inherited) @executable_path/Frameworks";
				PRODUCT_NAME = "$(TARGET_NAME)";
			};
			name = Release;
		};
/* End XCBuildConfiguration section */

/* Begin XCConfigurationList section */
		6374656C1A78739600C28305 /* Build configuration list for PBXProject "BasicExample" */ = {
			isa = XCConfigurationList;
			buildConfigurations = (
				637465921A78739700C28305 /* Debug */,
				637465931A78739700C28305 /* Release */,
			);
			defaultConfigurationIsVisible = 0;
			defaultConfigurationName = Release;
		};
		637465941A78739700C28305 /* Build configuration list for PBXNativeTarget "BasicExample" */ = {
			isa = XCConfigurationList;
			buildConfigurations = (
				637465951A78739700C28305 /* Debug */,
				637465961A78739700C28305 /* Release */,
			);
			defaultConfigurationIsVisible = 0;
			defaultConfigurationName = Release;
		};
/* End XCConfigurationList section */
	};
	rootObject = 637465691A78739600C28305 /* Project object */;
}
